// !$*UTF8*$!
{
	archiveVersion = 1;
	classes = {
	};
	objectVersion = 55;
	objects = {

/* Begin PBXBuildFile section */
		50677CE12772BD02002302ED /* AppDelegate.swift in Sources */ = {isa = PBXBuildFile; fileRef = 50677CE02772BD02002302ED /* AppDelegate.swift */; };
		50677CE32772BD02002302ED /* ContentView.swift in Sources */ = {isa = PBXBuildFile; fileRef = 50677CE22772BD02002302ED /* ContentView.swift */; };
		50677CEA2772BD05002302ED /* Preview Assets.xcassets in Resources */ = {isa = PBXBuildFile; fileRef = 50677CE92772BD05002302ED /* Preview Assets.xcassets */; };
		50677CF42772BD06002302ED /* TheThirdPolicemanTrailTests.swift in Sources */ = {isa = PBXBuildFile; fileRef = 50677CF32772BD06002302ED /* TheThirdPolicemanTrailTests.swift */; };
		50677CFE2772BD06002302ED /* TheThirdPolicemanTrailUITests.swift in Sources */ = {isa = PBXBuildFile; fileRef = 50677CFD2772BD06002302ED /* TheThirdPolicemanTrailUITests.swift */; };
		50677D002772BD06002302ED /* TheThirdPolicemanTrailUITestsLaunchTests.swift in Sources */ = {isa = PBXBuildFile; fileRef = 50677CFF2772BD06002302ED /* TheThirdPolicemanTrailUITestsLaunchTests.swift */; };
		50677D0D2772BE8A002302ED /* SceneDelegate.swift in Sources */ = {isa = PBXBuildFile; fileRef = 50677D0C2772BE8A002302ED /* SceneDelegate.swift */; };
		506DFA862784DAE7006F4C30 /* Launch Screen.storyboard in Resources */ = {isa = PBXBuildFile; fileRef = 506DFA852784DAE6006F4C30 /* Launch Screen.storyboard */; };
		506DFA8F278A1317006F4C30 /* ControlView.swift in Sources */ = {isa = PBXBuildFile; fileRef = 506DFA8E278A1317006F4C30 /* ControlView.swift */; };
		5082A2D427E79DB100562106 /* Assets.xcassets in Resources */ = {isa = PBXBuildFile; fileRef = 5082A2D327E79DB100562106 /* Assets.xcassets */; };
		A05EBC0F27FD128400EE9E27 /* SCENE_K_IGNATIUS.rcproject in Sources */ = {isa = PBXBuildFile; fileRef = A05EBC0427FD126900EE9E27 /* SCENE_K_IGNATIUS.rcproject */; };
		A05EBC1027FD128400EE9E27 /* SCENE_D_LEG.rcproject in Sources */ = {isa = PBXBuildFile; fileRef = A05EBC0527FD126C00EE9E27 /* SCENE_D_LEG.rcproject */; };
		A05EBC1127FD128400EE9E27 /* SCENE_G_TEETH.rcproject in Sources */ = {isa = PBXBuildFile; fileRef = A05EBC0627FD126F00EE9E27 /* SCENE_G_TEETH.rcproject */; };
		A05EBC1227FD128400EE9E27 /* SCENE_H_TAP.rcproject in Sources */ = {isa = PBXBuildFile; fileRef = A05EBC0727FD127100EE9E27 /* SCENE_H_TAP.rcproject */; };
		A05EBC1327FD128400EE9E27 /* SCENE_C_PIPE.rcproject in Sources */ = {isa = PBXBuildFile; fileRef = A05EBC0827FD127300EE9E27 /* SCENE_C_PIPE.rcproject */; };
		A05EBC1427FD128400EE9E27 /* SCENE_A_MAZE.rcproject in Sources */ = {isa = PBXBuildFile; fileRef = A05EBC0927FD127600EE9E27 /* SCENE_A_MAZE.rcproject */; };
		A05EBC1527FD128400EE9E27 /* SCENE_L_CASH.rcproject in Sources */ = {isa = PBXBuildFile; fileRef = A05EBC0A27FD127800EE9E27 /* SCENE_L_CASH.rcproject */; };
		A05EBC1627FD128400EE9E27 /* SCENE_J_BICYCLE.rcproject in Sources */ = {isa = PBXBuildFile; fileRef = A05EBC0B27FD127A00EE9E27 /* SCENE_J_BICYCLE.rcproject */; };
		A05EBC1727FD128400EE9E27 /* SCENE_F_BOOK.rcproject in Sources */ = {isa = PBXBuildFile; fileRef = A05EBC0C27FD127C00EE9E27 /* SCENE_F_BOOK.rcproject */; };
		A05EBC1827FD128400EE9E27 /* SCENE_B_BOTTLES.rcproject in Sources */ = {isa = PBXBuildFile; fileRef = A05EBC0D27FD128200EE9E27 /* SCENE_B_BOTTLES.rcproject */; };
		A05EBC1927FD128400EE9E27 /* SCENE_E_SHEEP.rcproject in Sources */ = {isa = PBXBuildFile; fileRef = A05EBC0E27FD128400EE9E27 /* SCENE_E_SHEEP.rcproject */; };
		A05EBC1B27FD129900EE9E27 /* Experience.rcproject in Sources */ = {isa = PBXBuildFile; fileRef = A05EBC1A27FD129900EE9E27 /* Experience.rcproject */; };
/* End PBXBuildFile section */

/* Begin PBXContainerItemProxy section */
		50677CF02772BD06002302ED /* PBXContainerItemProxy */ = {
			isa = PBXContainerItemProxy;
			containerPortal = 50677CD52772BD02002302ED /* Project object */;
			proxyType = 1;
			remoteGlobalIDString = 50677CDC2772BD02002302ED;
			remoteInfo = TheThirdPolicemanTrail;
		};
		50677CFA2772BD06002302ED /* PBXContainerItemProxy */ = {
			isa = PBXContainerItemProxy;
			containerPortal = 50677CD52772BD02002302ED /* Project object */;
			proxyType = 1;
			remoteGlobalIDString = 50677CDC2772BD02002302ED;
			remoteInfo = TheThirdPolicemanTrail;
		};
/* End PBXContainerItemProxy section */

/* Begin PBXFileReference section */
		50677CDD2772BD02002302ED /* TheThirdPolicemanTrail.app */ = {isa = PBXFileReference; explicitFileType = wrapper.application; includeInIndex = 0; path = TheThirdPolicemanTrail.app; sourceTree = BUILT_PRODUCTS_DIR; };
		50677CE02772BD02002302ED /* AppDelegate.swift */ = {isa = PBXFileReference; lastKnownFileType = sourcecode.swift; path = AppDelegate.swift; sourceTree = "<group>"; };
		50677CE22772BD02002302ED /* ContentView.swift */ = {isa = PBXFileReference; lastKnownFileType = sourcecode.swift; path = ContentView.swift; sourceTree = "<group>"; };
		50677CE92772BD05002302ED /* Preview Assets.xcassets */ = {isa = PBXFileReference; lastKnownFileType = folder.assetcatalog; path = "Preview Assets.xcassets"; sourceTree = "<group>"; };
		50677CEF2772BD06002302ED /* TheThirdPolicemanTrailTests.xctest */ = {isa = PBXFileReference; explicitFileType = wrapper.cfbundle; includeInIndex = 0; path = TheThirdPolicemanTrailTests.xctest; sourceTree = BUILT_PRODUCTS_DIR; };
		50677CF32772BD06002302ED /* TheThirdPolicemanTrailTests.swift */ = {isa = PBXFileReference; lastKnownFileType = sourcecode.swift; path = TheThirdPolicemanTrailTests.swift; sourceTree = "<group>"; };
		50677CF92772BD06002302ED /* TheThirdPolicemanTrailUITests.xctest */ = {isa = PBXFileReference; explicitFileType = wrapper.cfbundle; includeInIndex = 0; path = TheThirdPolicemanTrailUITests.xctest; sourceTree = BUILT_PRODUCTS_DIR; };
		50677CFD2772BD06002302ED /* TheThirdPolicemanTrailUITests.swift */ = {isa = PBXFileReference; lastKnownFileType = sourcecode.swift; path = TheThirdPolicemanTrailUITests.swift; sourceTree = "<group>"; };
		50677CFF2772BD06002302ED /* TheThirdPolicemanTrailUITestsLaunchTests.swift */ = {isa = PBXFileReference; lastKnownFileType = sourcecode.swift; path = TheThirdPolicemanTrailUITestsLaunchTests.swift; sourceTree = "<group>"; };
		50677D0C2772BE8A002302ED /* SceneDelegate.swift */ = {isa = PBXFileReference; lastKnownFileType = sourcecode.swift; path = SceneDelegate.swift; sourceTree = "<group>"; };
		506DFA852784DAE6006F4C30 /* Launch Screen.storyboard */ = {isa = PBXFileReference; lastKnownFileType = file.storyboard; path = "Launch Screen.storyboard"; sourceTree = "<group>"; };
		506DFA8E278A1317006F4C30 /* ControlView.swift */ = {isa = PBXFileReference; lastKnownFileType = sourcecode.swift; path = ControlView.swift; sourceTree = "<group>"; };
		5082A2D327E79DB100562106 /* Assets.xcassets */ = {isa = PBXFileReference; lastKnownFileType = folder.assetcatalog; name = Assets.xcassets; path = "../../../Downloads/TheThirdPolicemanTrail-master/TheThirdPolicemanTrail/Assets.xcassets"; sourceTree = "<group>"; };
		A05EBC0427FD126900EE9E27 /* SCENE_K_IGNATIUS.rcproject */ = {isa = PBXFileReference; lastKnownFileType = file.rcproject; path = SCENE_K_IGNATIUS.rcproject; sourceTree = "<group>"; };
		A05EBC0527FD126C00EE9E27 /* SCENE_D_LEG.rcproject */ = {isa = PBXFileReference; lastKnownFileType = file.rcproject; path = SCENE_D_LEG.rcproject; sourceTree = "<group>"; };
		A05EBC0627FD126F00EE9E27 /* SCENE_G_TEETH.rcproject */ = {isa = PBXFileReference; lastKnownFileType = file.rcproject; path = SCENE_G_TEETH.rcproject; sourceTree = "<group>"; };
		A05EBC0727FD127100EE9E27 /* SCENE_H_TAP.rcproject */ = {isa = PBXFileReference; lastKnownFileType = file.rcproject; path = SCENE_H_TAP.rcproject; sourceTree = "<group>"; };
		A05EBC0827FD127300EE9E27 /* SCENE_C_PIPE.rcproject */ = {isa = PBXFileReference; lastKnownFileType = file.rcproject; path = SCENE_C_PIPE.rcproject; sourceTree = "<group>"; };
		A05EBC0927FD127600EE9E27 /* SCENE_A_MAZE.rcproject */ = {isa = PBXFileReference; lastKnownFileType = file.rcproject; path = SCENE_A_MAZE.rcproject; sourceTree = "<group>"; };
		A05EBC0A27FD127800EE9E27 /* SCENE_L_CASH.rcproject */ = {isa = PBXFileReference; lastKnownFileType = file.rcproject; path = SCENE_L_CASH.rcproject; sourceTree = "<group>"; };
		A05EBC0B27FD127A00EE9E27 /* SCENE_J_BICYCLE.rcproject */ = {isa = PBXFileReference; lastKnownFileType = file.rcproject; path = SCENE_J_BICYCLE.rcproject; sourceTree = "<group>"; };
		A05EBC0C27FD127C00EE9E27 /* SCENE_F_BOOK.rcproject */ = {isa = PBXFileReference; lastKnownFileType = file.rcproject; path = SCENE_F_BOOK.rcproject; sourceTree = "<group>"; };
		A05EBC0D27FD128200EE9E27 /* SCENE_B_BOTTLES.rcproject */ = {isa = PBXFileReference; lastKnownFileType = file.rcproject; path = SCENE_B_BOTTLES.rcproject; sourceTree = "<group>"; };
		A05EBC0E27FD128400EE9E27 /* SCENE_E_SHEEP.rcproject */ = {isa = PBXFileReference; lastKnownFileType = file.rcproject; path = SCENE_E_SHEEP.rcproject; sourceTree = "<group>"; };
		A05EBC1A27FD129900EE9E27 /* Experience.rcproject */ = {isa = PBXFileReference; lastKnownFileType = file.rcproject; path = Experience.rcproject; sourceTree = "<group>"; };
/* End PBXFileReference section */

/* Begin PBXFrameworksBuildPhase section */
		50677CDA2772BD02002302ED /* Frameworks */ = {
			isa = PBXFrameworksBuildPhase;
			buildActionMask = 2147483647;
			files = (
			);
			runOnlyForDeploymentPostprocessing = 0;
		};
		50677CEC2772BD06002302ED /* Frameworks */ = {
			isa = PBXFrameworksBuildPhase;
			buildActionMask = 2147483647;
			files = (
			);
			runOnlyForDeploymentPostprocessing = 0;
		};
		50677CF62772BD06002302ED /* Frameworks */ = {
			isa = PBXFrameworksBuildPhase;
			buildActionMask = 2147483647;
			files = (
			);
			runOnlyForDeploymentPostprocessing = 0;
		};
/* End PBXFrameworksBuildPhase section */

/* Begin PBXGroup section */
		50677CD42772BD02002302ED = {
			isa = PBXGroup;
			children = (
				50677CDF2772BD02002302ED /* TheThirdPolicemanTrail */,
				50677CF22772BD06002302ED /* TheThirdPolicemanTrailTests */,
				50677CFC2772BD06002302ED /* TheThirdPolicemanTrailUITests */,
				50677CDE2772BD02002302ED /* Products */,
			);
			sourceTree = "<group>";
		};
		50677CDE2772BD02002302ED /* Products */ = {
			isa = PBXGroup;
			children = (
				50677CDD2772BD02002302ED /* TheThirdPolicemanTrail.app */,
				50677CEF2772BD06002302ED /* TheThirdPolicemanTrailTests.xctest */,
				50677CF92772BD06002302ED /* TheThirdPolicemanTrailUITests.xctest */,
			);
			name = Products;
			sourceTree = "<group>";
		};
		50677CDF2772BD02002302ED /* TheThirdPolicemanTrail */ = {
			isa = PBXGroup;
			children = (
				50677CE02772BD02002302ED /* AppDelegate.swift */,
				50677CE22772BD02002302ED /* ContentView.swift */,
				506DFA8E278A1317006F4C30 /* ControlView.swift */,
				50677D0C2772BE8A002302ED /* SceneDelegate.swift */,
				506DFA852784DAE6006F4C30 /* Launch Screen.storyboard */,
				A05EBC0927FD127600EE9E27 /* SCENE_A_MAZE.rcproject */,
				A05EBC0D27FD128200EE9E27 /* SCENE_B_BOTTLES.rcproject */,
				A05EBC0827FD127300EE9E27 /* SCENE_C_PIPE.rcproject */,
				A05EBC0527FD126C00EE9E27 /* SCENE_D_LEG.rcproject */,
				A05EBC0E27FD128400EE9E27 /* SCENE_E_SHEEP.rcproject */,
				A05EBC0C27FD127C00EE9E27 /* SCENE_F_BOOK.rcproject */,
				A05EBC1A27FD129900EE9E27 /* Experience.rcproject */,
				A05EBC0627FD126F00EE9E27 /* SCENE_G_TEETH.rcproject */,
				A05EBC0727FD127100EE9E27 /* SCENE_H_TAP.rcproject */,
				A05EBC0B27FD127A00EE9E27 /* SCENE_J_BICYCLE.rcproject */,
				A05EBC0427FD126900EE9E27 /* SCENE_K_IGNATIUS.rcproject */,
				A05EBC0A27FD127800EE9E27 /* SCENE_L_CASH.rcproject */,
				5082A2D327E79DB100562106 /* Assets.xcassets */,
				50677CE82772BD05002302ED /* Preview Content */,
			);
			path = TheThirdPolicemanTrail;
			sourceTree = "<group>";
		};
		50677CE82772BD05002302ED /* Preview Content */ = {
			isa = PBXGroup;
			children = (
				50677CE92772BD05002302ED /* Preview Assets.xcassets */,
			);
			path = "Preview Content";
			sourceTree = "<group>";
		};
		50677CF22772BD06002302ED /* TheThirdPolicemanTrailTests */ = {
			isa = PBXGroup;
			children = (
				50677CF32772BD06002302ED /* TheThirdPolicemanTrailTests.swift */,
			);
			path = TheThirdPolicemanTrailTests;
			sourceTree = "<group>";
		};
		50677CFC2772BD06002302ED /* TheThirdPolicemanTrailUITests */ = {
			isa = PBXGroup;
			children = (
				50677CFD2772BD06002302ED /* TheThirdPolicemanTrailUITests.swift */,
				50677CFF2772BD06002302ED /* TheThirdPolicemanTrailUITestsLaunchTests.swift */,
			);
			path = TheThirdPolicemanTrailUITests;
			sourceTree = "<group>";
		};
/* End PBXGroup section */

/* Begin PBXNativeTarget section */
		50677CDC2772BD02002302ED /* TheThirdPolicemanTrail */ = {
			isa = PBXNativeTarget;
			buildConfigurationList = 50677D032772BD06002302ED /* Build configuration list for PBXNativeTarget "TheThirdPolicemanTrail" */;
			buildPhases = (
				50677CD92772BD02002302ED /* Sources */,
				50677CDA2772BD02002302ED /* Frameworks */,
				50677CDB2772BD02002302ED /* Resources */,
			);
			buildRules = (
			);
			dependencies = (
			);
			name = TheThirdPolicemanTrail;
			productName = TheThirdPolicemanTrail;
			productReference = 50677CDD2772BD02002302ED /* TheThirdPolicemanTrail.app */;
			productType = "com.apple.product-type.application";
		};
		50677CEE2772BD06002302ED /* TheThirdPolicemanTrailTests */ = {
			isa = PBXNativeTarget;
			buildConfigurationList = 50677D062772BD06002302ED /* Build configuration list for PBXNativeTarget "TheThirdPolicemanTrailTests" */;
			buildPhases = (
				50677CEB2772BD06002302ED /* Sources */,
				50677CEC2772BD06002302ED /* Frameworks */,
				50677CED2772BD06002302ED /* Resources */,
			);
			buildRules = (
			);
			dependencies = (
				50677CF12772BD06002302ED /* PBXTargetDependency */,
			);
			name = TheThirdPolicemanTrailTests;
			productName = TheThirdPolicemanTrailTests;
			productReference = 50677CEF2772BD06002302ED /* TheThirdPolicemanTrailTests.xctest */;
			productType = "com.apple.product-type.bundle.unit-test";
		};
		50677CF82772BD06002302ED /* TheThirdPolicemanTrailUITests */ = {
			isa = PBXNativeTarget;
			buildConfigurationList = 50677D092772BD06002302ED /* Build configuration list for PBXNativeTarget "TheThirdPolicemanTrailUITests" */;
			buildPhases = (
				50677CF52772BD06002302ED /* Sources */,
				50677CF62772BD06002302ED /* Frameworks */,
				50677CF72772BD06002302ED /* Resources */,
			);
			buildRules = (
			);
			dependencies = (
				50677CFB2772BD06002302ED /* PBXTargetDependency */,
			);
			name = TheThirdPolicemanTrailUITests;
			productName = TheThirdPolicemanTrailUITests;
			productReference = 50677CF92772BD06002302ED /* TheThirdPolicemanTrailUITests.xctest */;
			productType = "com.apple.product-type.bundle.ui-testing";
		};
/* End PBXNativeTarget section */

/* Begin PBXProject section */
		50677CD52772BD02002302ED /* Project object */ = {
			isa = PBXProject;
			attributes = {
				BuildIndependentTargetsInParallel = 1;
				LastSwiftUpdateCheck = 1320;
				LastUpgradeCheck = 1320;
				TargetAttributes = {
					50677CDC2772BD02002302ED = {
						CreatedOnToolsVersion = 13.2;
					};
					50677CEE2772BD06002302ED = {
						CreatedOnToolsVersion = 13.2;
						TestTargetID = 50677CDC2772BD02002302ED;
					};
					50677CF82772BD06002302ED = {
						CreatedOnToolsVersion = 13.2;
						TestTargetID = 50677CDC2772BD02002302ED;
					};
				};
			};
			buildConfigurationList = 50677CD82772BD02002302ED /* Build configuration list for PBXProject "TheThirdPolicemanTrail" */;
			compatibilityVersion = "Xcode 13.0";
			developmentRegion = en;
			hasScannedForEncodings = 0;
			knownRegions = (
				en,
				Base,
			);
			mainGroup = 50677CD42772BD02002302ED;
			productRefGroup = 50677CDE2772BD02002302ED /* Products */;
			projectDirPath = "";
			projectRoot = "";
			targets = (
				50677CDC2772BD02002302ED /* TheThirdPolicemanTrail */,
				50677CEE2772BD06002302ED /* TheThirdPolicemanTrailTests */,
				50677CF82772BD06002302ED /* TheThirdPolicemanTrailUITests */,
			);
		};
/* End PBXProject section */

/* Begin PBXResourcesBuildPhase section */
		50677CDB2772BD02002302ED /* Resources */ = {
			isa = PBXResourcesBuildPhase;
			buildActionMask = 2147483647;
			files = (
				506DFA862784DAE7006F4C30 /* Launch Screen.storyboard in Resources */,
				5082A2D427E79DB100562106 /* Assets.xcassets in Resources */,
				50677CEA2772BD05002302ED /* Preview Assets.xcassets in Resources */,
			);
			runOnlyForDeploymentPostprocessing = 0;
		};
		50677CED2772BD06002302ED /* Resources */ = {
			isa = PBXResourcesBuildPhase;
			buildActionMask = 2147483647;
			files = (
			);
			runOnlyForDeploymentPostprocessing = 0;
		};
		50677CF72772BD06002302ED /* Resources */ = {
			isa = PBXResourcesBuildPhase;
			buildActionMask = 2147483647;
			files = (
			);
			runOnlyForDeploymentPostprocessing = 0;
		};
/* End PBXResourcesBuildPhase section */

/* Begin PBXSourcesBuildPhase section */
		50677CD92772BD02002302ED /* Sources */ = {
			isa = PBXSourcesBuildPhase;
			buildActionMask = 2147483647;
			files = (
				A05EBC1327FD128400EE9E27 /* SCENE_C_PIPE.rcproject in Sources */,
				A05EBC1227FD128400EE9E27 /* SCENE_H_TAP.rcproject in Sources */,
				A05EBC1527FD128400EE9E27 /* SCENE_L_CASH.rcproject in Sources */,
				50677CE32772BD02002302ED /* ContentView.swift in Sources */,
				A05EBC1627FD128400EE9E27 /* SCENE_J_BICYCLE.rcproject in Sources */,
				A05EBC1127FD128400EE9E27 /* SCENE_G_TEETH.rcproject in Sources */,
				A05EBC1B27FD129900EE9E27 /* Experience.rcproject in Sources */,
				A05EBC1927FD128400EE9E27 /* SCENE_E_SHEEP.rcproject in Sources */,
				50677CE12772BD02002302ED /* AppDelegate.swift in Sources */,
				50677D0D2772BE8A002302ED /* SceneDelegate.swift in Sources */,
				A05EBC1827FD128400EE9E27 /* SCENE_B_BOTTLES.rcproject in Sources */,
				A05EBC1427FD128400EE9E27 /* SCENE_A_MAZE.rcproject in Sources */,
				A05EBC1027FD128400EE9E27 /* SCENE_D_LEG.rcproject in Sources */,
				506DFA8F278A1317006F4C30 /* ControlView.swift in Sources */,
				A05EBC1727FD128400EE9E27 /* SCENE_F_BOOK.rcproject in Sources */,
				A05EBC0F27FD128400EE9E27 /* SCENE_K_IGNATIUS.rcproject in Sources */,
			);
			runOnlyForDeploymentPostprocessing = 0;
		};
		50677CEB2772BD06002302ED /* Sources */ = {
			isa = PBXSourcesBuildPhase;
			buildActionMask = 2147483647;
			files = (
				50677CF42772BD06002302ED /* TheThirdPolicemanTrailTests.swift in Sources */,
			);
			runOnlyForDeploymentPostprocessing = 0;
		};
		50677CF52772BD06002302ED /* Sources */ = {
			isa = PBXSourcesBuildPhase;
			buildActionMask = 2147483647;
			files = (
				50677D002772BD06002302ED /* TheThirdPolicemanTrailUITestsLaunchTests.swift in Sources */,
				50677CFE2772BD06002302ED /* TheThirdPolicemanTrailUITests.swift in Sources */,
			);
			runOnlyForDeploymentPostprocessing = 0;
		};
/* End PBXSourcesBuildPhase section */

/* Begin PBXTargetDependency section */
		50677CF12772BD06002302ED /* PBXTargetDependency */ = {
			isa = PBXTargetDependency;
			target = 50677CDC2772BD02002302ED /* TheThirdPolicemanTrail */;
			targetProxy = 50677CF02772BD06002302ED /* PBXContainerItemProxy */;
		};
		50677CFB2772BD06002302ED /* PBXTargetDependency */ = {
			isa = PBXTargetDependency;
			target = 50677CDC2772BD02002302ED /* TheThirdPolicemanTrail */;
			targetProxy = 50677CFA2772BD06002302ED /* PBXContainerItemProxy */;
		};
/* End PBXTargetDependency section */

/* Begin XCBuildConfiguration section */
		50677D012772BD06002302ED /* Debug */ = {
			isa = XCBuildConfiguration;
			buildSettings = {
				ALWAYS_SEARCH_USER_PATHS = NO;
				CLANG_ANALYZER_NONNULL = YES;
				CLANG_ANALYZER_NUMBER_OBJECT_CONVERSION = YES_AGGRESSIVE;
				CLANG_CXX_LANGUAGE_STANDARD = "gnu++17";
				CLANG_CXX_LIBRARY = "libc++";
				CLANG_ENABLE_MODULES = YES;
				CLANG_ENABLE_OBJC_ARC = YES;
				CLANG_ENABLE_OBJC_WEAK = YES;
				CLANG_WARN_BLOCK_CAPTURE_AUTORELEASING = YES;
				CLANG_WARN_BOOL_CONVERSION = YES;
				CLANG_WARN_COMMA = YES;
				CLANG_WARN_CONSTANT_CONVERSION = YES;
				CLANG_WARN_DEPRECATED_OBJC_IMPLEMENTATIONS = YES;
				CLANG_WARN_DIRECT_OBJC_ISA_USAGE = YES_ERROR;
				CLANG_WARN_DOCUMENTATION_COMMENTS = YES;
				CLANG_WARN_EMPTY_BODY = YES;
				CLANG_WARN_ENUM_CONVERSION = YES;
				CLANG_WARN_INFINITE_RECURSION = YES;
				CLANG_WARN_INT_CONVERSION = YES;
				CLANG_WARN_NON_LITERAL_NULL_CONVERSION = YES;
				CLANG_WARN_OBJC_IMPLICIT_RETAIN_SELF = YES;
				CLANG_WARN_OBJC_LITERAL_CONVERSION = YES;
				CLANG_WARN_OBJC_ROOT_CLASS = YES_ERROR;
				CLANG_WARN_QUOTED_INCLUDE_IN_FRAMEWORK_HEADER = YES;
				CLANG_WARN_RANGE_LOOP_ANALYSIS = YES;
				CLANG_WARN_STRICT_PROTOTYPES = YES;
				CLANG_WARN_SUSPICIOUS_MOVE = YES;
				CLANG_WARN_UNGUARDED_AVAILABILITY = YES_AGGRESSIVE;
				CLANG_WARN_UNREACHABLE_CODE = YES;
				CLANG_WARN__DUPLICATE_METHOD_MATCH = YES;
				CODE_SIGN_IDENTITY = "iPhone Developer";
				"CODE_SIGN_IDENTITY[sdk=iphoneos*]" = "iPhone Developer";
				COPY_PHASE_STRIP = NO;
				DEBUG_INFORMATION_FORMAT = dwarf;
				ENABLE_STRICT_OBJC_MSGSEND = YES;
				ENABLE_TESTABILITY = YES;
				GCC_C_LANGUAGE_STANDARD = gnu11;
				GCC_DYNAMIC_NO_PIC = NO;
				GCC_NO_COMMON_BLOCKS = YES;
				GCC_OPTIMIZATION_LEVEL = 0;
				GCC_PREPROCESSOR_DEFINITIONS = (
					"DEBUG=1",
					"$(inherited)",
				);
				GCC_WARN_64_TO_32_BIT_CONVERSION = YES;
				GCC_WARN_ABOUT_RETURN_TYPE = YES_ERROR;
				GCC_WARN_UNDECLARED_SELECTOR = YES;
				GCC_WARN_UNINITIALIZED_AUTOS = YES_AGGRESSIVE;
				GCC_WARN_UNUSED_FUNCTION = YES;
				GCC_WARN_UNUSED_VARIABLE = YES;
				IPHONEOS_DEPLOYMENT_TARGET = 15.2;
				MTL_ENABLE_DEBUG_INFO = INCLUDE_SOURCE;
				MTL_FAST_MATH = YES;
				ONLY_ACTIVE_ARCH = YES;
				SDKROOT = iphoneos;
				SWIFT_ACTIVE_COMPILATION_CONDITIONS = DEBUG;
				SWIFT_OPTIMIZATION_LEVEL = "-Onone";
			};
			name = Debug;
		};
		50677D022772BD06002302ED /* Release */ = {
			isa = XCBuildConfiguration;
			buildSettings = {
				ALWAYS_SEARCH_USER_PATHS = NO;
				CLANG_ANALYZER_NONNULL = YES;
				CLANG_ANALYZER_NUMBER_OBJECT_CONVERSION = YES_AGGRESSIVE;
				CLANG_CXX_LANGUAGE_STANDARD = "gnu++17";
				CLANG_CXX_LIBRARY = "libc++";
				CLANG_ENABLE_MODULES = YES;
				CLANG_ENABLE_OBJC_ARC = YES;
				CLANG_ENABLE_OBJC_WEAK = YES;
				CLANG_WARN_BLOCK_CAPTURE_AUTORELEASING = YES;
				CLANG_WARN_BOOL_CONVERSION = YES;
				CLANG_WARN_COMMA = YES;
				CLANG_WARN_CONSTANT_CONVERSION = YES;
				CLANG_WARN_DEPRECATED_OBJC_IMPLEMENTATIONS = YES;
				CLANG_WARN_DIRECT_OBJC_ISA_USAGE = YES_ERROR;
				CLANG_WARN_DOCUMENTATION_COMMENTS = YES;
				CLANG_WARN_EMPTY_BODY = YES;
				CLANG_WARN_ENUM_CONVERSION = YES;
				CLANG_WARN_INFINITE_RECURSION = YES;
				CLANG_WARN_INT_CONVERSION = YES;
				CLANG_WARN_NON_LITERAL_NULL_CONVERSION = YES;
				CLANG_WARN_OBJC_IMPLICIT_RETAIN_SELF = YES;
				CLANG_WARN_OBJC_LITERAL_CONVERSION = YES;
				CLANG_WARN_OBJC_ROOT_CLASS = YES_ERROR;
				CLANG_WARN_QUOTED_INCLUDE_IN_FRAMEWORK_HEADER = YES;
				CLANG_WARN_RANGE_LOOP_ANALYSIS = YES;
				CLANG_WARN_STRICT_PROTOTYPES = YES;
				CLANG_WARN_SUSPICIOUS_MOVE = YES;
				CLANG_WARN_UNGUARDED_AVAILABILITY = YES_AGGRESSIVE;
				CLANG_WARN_UNREACHABLE_CODE = YES;
				CLANG_WARN__DUPLICATE_METHOD_MATCH = YES;
				CODE_SIGN_IDENTITY = "iPhone Developer";
				"CODE_SIGN_IDENTITY[sdk=iphoneos*]" = "iPhone Developer";
				COPY_PHASE_STRIP = NO;
				DEBUG_INFORMATION_FORMAT = "dwarf-with-dsym";
				ENABLE_NS_ASSERTIONS = NO;
				ENABLE_STRICT_OBJC_MSGSEND = YES;
				GCC_C_LANGUAGE_STANDARD = gnu11;
				GCC_NO_COMMON_BLOCKS = YES;
				GCC_WARN_64_TO_32_BIT_CONVERSION = YES;
				GCC_WARN_ABOUT_RETURN_TYPE = YES_ERROR;
				GCC_WARN_UNDECLARED_SELECTOR = YES;
				GCC_WARN_UNINITIALIZED_AUTOS = YES_AGGRESSIVE;
				GCC_WARN_UNUSED_FUNCTION = YES;
				GCC_WARN_UNUSED_VARIABLE = YES;
				IPHONEOS_DEPLOYMENT_TARGET = 15.2;
				MTL_ENABLE_DEBUG_INFO = NO;
				MTL_FAST_MATH = YES;
				SDKROOT = iphoneos;
				SWIFT_COMPILATION_MODE = wholemodule;
				SWIFT_OPTIMIZATION_LEVEL = "-O";
				VALIDATE_PRODUCT = YES;
			};
			name = Release;
		};
		50677D042772BD06002302ED /* Debug */ = {
			isa = XCBuildConfiguration;
			buildSettings = {
				ASSETCATALOG_COMPILER_GLOBAL_ACCENT_COLOR_NAME = AccentColor;
				ASSETCATALOG_COMPILER_INCLUDE_ALL_APPICON_ASSETS = YES;
				CODE_SIGN_STYLE = Automatic;
				CURRENT_PROJECT_VERSION = 1;
				DEVELOPMENT_ASSET_PATHS = "\"TheThirdPolicemanTrail/Preview Content\"";
				DEVELOPMENT_TEAM = M6Y6U4AR9Q;
				ENABLE_PREVIEWS = YES;
				GENERATE_INFOPLIST_FILE = YES;
				INFOPLIST_KEY_NSCameraUsageDescription = "";
				INFOPLIST_KEY_UIApplicationSupportsIndirectInputEvents = YES;
				INFOPLIST_KEY_UILaunchScreen_Generation = YES;
				INFOPLIST_KEY_UILaunchStoryboardName = "Launch Screen";
				INFOPLIST_KEY_UIRequiredDeviceCapabilities = arkit;
				INFOPLIST_KEY_UIStatusBarHidden = YES;
				INFOPLIST_KEY_UISupportedInterfaceOrientations_iPad = "UIInterfaceOrientationPortrait UIInterfaceOrientationPortraitUpsideDown UIInterfaceOrientationLandscapeLeft UIInterfaceOrientationLandscapeRight";
				INFOPLIST_KEY_UISupportedInterfaceOrientations_iPhone = "UIInterfaceOrientationPortrait UIInterfaceOrientationLandscapeLeft UIInterfaceOrientationLandscapeRight";
				LD_RUNPATH_SEARCH_PATHS = (
					"$(inherited)",
					"@executable_path/Frameworks",
				);
				MARKETING_VERSION = 1.0;
				PRODUCT_BUNDLE_IDENTIFIER = TheThirdPolicemanTrailAR;
				PRODUCT_NAME = "$(TARGET_NAME)";
				SWIFT_EMIT_LOC_STRINGS = YES;
				SWIFT_VERSION = 5.0;
				TARGETED_DEVICE_FAMILY = "1,2";
			};
			name = Debug;
		};
		50677D052772BD06002302ED /* Release */ = {
			isa = XCBuildConfiguration;
			buildSettings = {
				ASSETCATALOG_COMPILER_GLOBAL_ACCENT_COLOR_NAME = AccentColor;
				ASSETCATALOG_COMPILER_INCLUDE_ALL_APPICON_ASSETS = YES;
				CODE_SIGN_STYLE = Automatic;
				CURRENT_PROJECT_VERSION = 1;
				DEVELOPMENT_ASSET_PATHS = "\"TheThirdPolicemanTrail/Preview Content\"";
				DEVELOPMENT_TEAM = M6Y6U4AR9Q;
				ENABLE_PREVIEWS = YES;
				GENERATE_INFOPLIST_FILE = YES;
				INFOPLIST_KEY_NSCameraUsageDescription = "";
				INFOPLIST_KEY_UIApplicationSupportsIndirectInputEvents = YES;
				INFOPLIST_KEY_UILaunchScreen_Generation = YES;
				INFOPLIST_KEY_UILaunchStoryboardName = "Launch Screen";
				INFOPLIST_KEY_UIRequiredDeviceCapabilities = arkit;
				INFOPLIST_KEY_UIStatusBarHidden = YES;
				INFOPLIST_KEY_UISupportedInterfaceOrientations_iPad = "UIInterfaceOrientationPortrait UIInterfaceOrientationPortraitUpsideDown UIInterfaceOrientationLandscapeLeft UIInterfaceOrientationLandscapeRight";
				INFOPLIST_KEY_UISupportedInterfaceOrientations_iPhone = "UIInterfaceOrientationPortrait UIInterfaceOrientationLandscapeLeft UIInterfaceOrientationLandscapeRight";
				LD_RUNPATH_SEARCH_PATHS = (
					"$(inherited)",
					"@executable_path/Frameworks",
				);
				MARKETING_VERSION = 1.0;
				PRODUCT_BUNDLE_IDENTIFIER = TheThirdPolicemanTrailAR;
				PRODUCT_NAME = "$(TARGET_NAME)";
				SWIFT_EMIT_LOC_STRINGS = YES;
				SWIFT_VERSION = 5.0;
				TARGETED_DEVICE_FAMILY = "1,2";
			};
			name = Release;
		};
		50677D072772BD06002302ED /* Debug */ = {
			isa = XCBuildConfiguration;
			buildSettings = {
				ALWAYS_EMBED_SWIFT_STANDARD_LIBRARIES = YES;
				BUNDLE_LOADER = "$(TEST_HOST)";
				CODE_SIGN_STYLE = Automatic;
				CURRENT_PROJECT_VERSION = 1;
				GENERATE_INFOPLIST_FILE = YES;
				IPHONEOS_DEPLOYMENT_TARGET = 15.2;
				MARKETING_VERSION = 1.0;
				PRODUCT_BUNDLE_IDENTIFIER = TheThirdPolicemanTrail.TheThirdPolicemanTrailTests;
				PRODUCT_NAME = "$(TARGET_NAME)";
				SWIFT_EMIT_LOC_STRINGS = NO;
				SWIFT_VERSION = 5.0;
				TARGETED_DEVICE_FAMILY = "1,2";
				TEST_HOST = "$(BUILT_PRODUCTS_DIR)/TheThirdPolicemanTrail.app/TheThirdPolicemanTrail";
			};
			name = Debug;
		};
		50677D082772BD06002302ED /* Release */ = {
			isa = XCBuildConfiguration;
			buildSettings = {
				ALWAYS_EMBED_SWIFT_STANDARD_LIBRARIES = YES;
				BUNDLE_LOADER = "$(TEST_HOST)";
				CODE_SIGN_STYLE = Automatic;
				CURRENT_PROJECT_VERSION = 1;
				GENERATE_INFOPLIST_FILE = YES;
				IPHONEOS_DEPLOYMENT_TARGET = 15.2;
				MARKETING_VERSION = 1.0;
				PRODUCT_BUNDLE_IDENTIFIER = TheThirdPolicemanTrail.TheThirdPolicemanTrailTests;
				PRODUCT_NAME = "$(TARGET_NAME)";
				SWIFT_EMIT_LOC_STRINGS = NO;
				SWIFT_VERSION = 5.0;
				TARGETED_DEVICE_FAMILY = "1,2";
				TEST_HOST = "$(BUILT_PRODUCTS_DIR)/TheThirdPolicemanTrail.app/TheThirdPolicemanTrail";
			};
			name = Release;
		};
		50677D0A2772BD06002302ED /* Debug */ = {
			isa = XCBuildConfiguration;
			buildSettings = {
				ALWAYS_EMBED_SWIFT_STANDARD_LIBRARIES = YES;
				CODE_SIGN_STYLE = Automatic;
				CURRENT_PROJECT_VERSION = 1;
				GENERATE_INFOPLIST_FILE = YES;
				MARKETING_VERSION = 1.0;
				PRODUCT_BUNDLE_IDENTIFIER = TheThirdPolicemanTrail.TheThirdPolicemanTrailUITests;
				PRODUCT_NAME = "$(TARGET_NAME)";
				SWIFT_EMIT_LOC_STRINGS = NO;
				SWIFT_VERSION = 5.0;
				TARGETED_DEVICE_FAMILY = "1,2";
				TEST_TARGET_NAME = TheThirdPolicemanTrail;
			};
			name = Debug;
		};
		50677D0B2772BD06002302ED /* Release */ = {
			isa = XCBuildConfiguration;
			buildSettings = {
				ALWAYS_EMBED_SWIFT_STANDARD_LIBRARIES = YES;
				CODE_SIGN_STYLE = Automatic;
				CURRENT_PROJECT_VERSION = 1;
				GENERATE_INFOPLIST_FILE = YES;
				MARKETING_VERSION = 1.0;
				PRODUCT_BUNDLE_IDENTIFIER = TheThirdPolicemanTrail.TheThirdPolicemanTrailUITests;
				PRODUCT_NAME = "$(TARGET_NAME)";
				SWIFT_EMIT_LOC_STRINGS = NO;
				SWIFT_VERSION = 5.0;
				TARGETED_DEVICE_FAMILY = "1,2";
				TEST_TARGET_NAME = TheThirdPolicemanTrail;
			};
			name = Release;
		};
/* End XCBuildConfiguration section */

/* Begin XCConfigurationList section */
		50677CD82772BD02002302ED /* Build configuration list for PBXProject "TheThirdPolicemanTrail" */ = {
			isa = XCConfigurationList;
			buildConfigurations = (
				50677D012772BD06002302ED /* Debug */,
				50677D022772BD06002302ED /* Release */,
			);
			defaultConfigurationIsVisible = 0;
			defaultConfigurationName = Release;
		};
		50677D032772BD06002302ED /* Build configuration list for PBXNativeTarget "TheThirdPolicemanTrail" */ = {
			isa = XCConfigurationList;
			buildConfigurations = (
				50677D042772BD06002302ED /* Debug */,
				50677D052772BD06002302ED /* Release */,
			);
			defaultConfigurationIsVisible = 0;
			defaultConfigurationName = Release;
		};
		50677D062772BD06002302ED /* Build configuration list for PBXNativeTarget "TheThirdPolicemanTrailTests" */ = {
			isa = XCConfigurationList;
			buildConfigurations = (
				50677D072772BD06002302ED /* Debug */,
				50677D082772BD06002302ED /* Release */,
			);
			defaultConfigurationIsVisible = 0;
			defaultConfigurationName = Release;
		};
		50677D092772BD06002302ED /* Build configuration list for PBXNativeTarget "TheThirdPolicemanTrailUITests" */ = {
			isa = XCConfigurationList;
			buildConfigurations = (
				50677D0A2772BD06002302ED /* Debug */,
				50677D0B2772BD06002302ED /* Release */,
			);
			defaultConfigurationIsVisible = 0;
			defaultConfigurationName = Release;
		};
/* End XCConfigurationList section */
	};
	rootObject = 50677CD52772BD02002302ED /* Project object */;
}
